// !$*UTF8*$!
{
	archiveVersion = 1;
	classes = {
	};
	objectVersion = 52;
	objects = {

/* Begin PBXBuildFile section */
		3126674E2700B91E009834E9 /* AuthViewModel.swift in Sources */ = {isa = PBXBuildFile; fileRef = 3126674D2700B91E009834E9 /* AuthViewModel.swift */; };
		312667512700BC3F009834E9 /* SwiftyBeaver in Frameworks */ = {isa = PBXBuildFile; productRef = 312667502700BC3F009834E9 /* SwiftyBeaver */; };
		4E7A5CD52700FB5C0058CAB9 /* Logger.swift in Sources */ = {isa = PBXBuildFile; fileRef = 4E7A5CD42700FB5C0058CAB9 /* Logger.swift */; };
		4E7A5CD62700FB5C0058CAB9 /* Logger.swift in Sources */ = {isa = PBXBuildFile; fileRef = 4E7A5CD42700FB5C0058CAB9 /* Logger.swift */; };
		4E7A5CD92700FBA10058CAB9 /* PodHelper.swift in Sources */ = {isa = PBXBuildFile; fileRef = 4E7A5CD82700FBA10058CAB9 /* PodHelper.swift */; };
		4E7A5CDA2700FBA10058CAB9 /* PodHelper.swift in Sources */ = {isa = PBXBuildFile; fileRef = 4E7A5CD82700FBA10058CAB9 /* PodHelper.swift */; };
		4E7A5CDC2700FBBF0058CAB9 /* KFManager.swift in Sources */ = {isa = PBXBuildFile; fileRef = 4E7A5CDB2700FBBF0058CAB9 /* KFManager.swift */; };
		4E7A5CDD2700FBBF0058CAB9 /* KFManager.swift in Sources */ = {isa = PBXBuildFile; fileRef = 4E7A5CDB2700FBBF0058CAB9 /* KFManager.swift */; };
		4EC3E48026E7DCCA0049AD99 /* EnigmaApp.swift in Sources */ = {isa = PBXBuildFile; fileRef = 4EC3E46D26E7DCC90049AD99 /* EnigmaApp.swift */; };
		4EC3E48126E7DCCA0049AD99 /* EnigmaApp.swift in Sources */ = {isa = PBXBuildFile; fileRef = 4EC3E46D26E7DCC90049AD99 /* EnigmaApp.swift */; };
		4EC3E48226E7DCCA0049AD99 /* ContentView.swift in Sources */ = {isa = PBXBuildFile; fileRef = 4EC3E46E26E7DCC90049AD99 /* ContentView.swift */; };
		4EC3E48326E7DCCA0049AD99 /* ContentView.swift in Sources */ = {isa = PBXBuildFile; fileRef = 4EC3E46E26E7DCC90049AD99 /* ContentView.swift */; };
		4EC3E48426E7DCCA0049AD99 /* Assets.xcassets in Resources */ = {isa = PBXBuildFile; fileRef = 4EC3E46F26E7DCCA0049AD99 /* Assets.xcassets */; };
		4EC3E48526E7DCCA0049AD99 /* Assets.xcassets in Resources */ = {isa = PBXBuildFile; fileRef = 4EC3E46F26E7DCCA0049AD99 /* Assets.xcassets */; };
		8CD8CADF26FADE7A00267EAC /* Kingfisher in Frameworks */ = {isa = PBXBuildFile; productRef = 8CD8CADE26FADE7A00267EAC /* Kingfisher */; };
		8CD8CAE426FADED300267EAC /* Alamofire in Frameworks */ = {isa = PBXBuildFile; productRef = 8CD8CAE326FADED300267EAC /* Alamofire */; };
		8CD8CAE926FADF1200267EAC /* GoogleSignIn in Frameworks */ = {isa = PBXBuildFile; productRef = 8CD8CAE826FADF1200267EAC /* GoogleSignIn */; };
		8CD8CAEE26FAECB700267EAC /* FirebaseMessaging in Frameworks */ = {isa = PBXBuildFile; productRef = 8CD8CAED26FAECB700267EAC /* FirebaseMessaging */; };
/* End PBXBuildFile section */

/* Begin PBXFileReference section */
		3126674D2700B91E009834E9 /* AuthViewModel.swift */ = {isa = PBXFileReference; lastKnownFileType = sourcecode.swift; path = AuthViewModel.swift; sourceTree = "<group>"; };
		4E7A5CD42700FB5C0058CAB9 /* Logger.swift */ = {isa = PBXFileReference; lastKnownFileType = sourcecode.swift; path = Logger.swift; sourceTree = "<group>"; };
		4E7A5CD82700FBA10058CAB9 /* PodHelper.swift */ = {isa = PBXFileReference; lastKnownFileType = sourcecode.swift; path = PodHelper.swift; sourceTree = "<group>"; };
		4E7A5CDB2700FBBF0058CAB9 /* KFManager.swift */ = {isa = PBXFileReference; lastKnownFileType = sourcecode.swift; path = KFManager.swift; sourceTree = "<group>"; };
		4EC3E46D26E7DCC90049AD99 /* EnigmaApp.swift */ = {isa = PBXFileReference; lastKnownFileType = sourcecode.swift; path = EnigmaApp.swift; sourceTree = "<group>"; };
		4EC3E46E26E7DCC90049AD99 /* ContentView.swift */ = {isa = PBXFileReference; lastKnownFileType = sourcecode.swift; path = ContentView.swift; sourceTree = "<group>"; };
		4EC3E46F26E7DCCA0049AD99 /* Assets.xcassets */ = {isa = PBXFileReference; lastKnownFileType = folder.assetcatalog; path = Assets.xcassets; sourceTree = "<group>"; };
		4EC3E47426E7DCCA0049AD99 /* Enigma.app */ = {isa = PBXFileReference; explicitFileType = wrapper.application; includeInIndex = 0; path = Enigma.app; sourceTree = BUILT_PRODUCTS_DIR; };
		4EC3E47726E7DCCA0049AD99 /* Info.plist */ = {isa = PBXFileReference; lastKnownFileType = text.plist.xml; path = Info.plist; sourceTree = "<group>"; };
		4EC3E47C26E7DCCA0049AD99 /* Enigma.app */ = {isa = PBXFileReference; explicitFileType = wrapper.application; includeInIndex = 0; path = Enigma.app; sourceTree = BUILT_PRODUCTS_DIR; };
		4EC3E47E26E7DCCA0049AD99 /* Info.plist */ = {isa = PBXFileReference; lastKnownFileType = text.plist.xml; path = Info.plist; sourceTree = "<group>"; };
		4EC3E47F26E7DCCA0049AD99 /* macOS.entitlements */ = {isa = PBXFileReference; lastKnownFileType = text.plist.entitlements; path = macOS.entitlements; sourceTree = "<group>"; };
/* End PBXFileReference section */

/* Begin PBXFrameworksBuildPhase section */
		4EC3E47126E7DCCA0049AD99 /* Frameworks */ = {
			isa = PBXFrameworksBuildPhase;
			buildActionMask = 2147483647;
			files = (
				8CD8CAEE26FAECB700267EAC /* FirebaseMessaging in Frameworks */,
				8CD8CADF26FADE7A00267EAC /* Kingfisher in Frameworks */,
				312667512700BC3F009834E9 /* SwiftyBeaver in Frameworks */,
				8CD8CAE426FADED300267EAC /* Alamofire in Frameworks */,
				8CD8CAE926FADF1200267EAC /* GoogleSignIn in Frameworks */,
			);
			runOnlyForDeploymentPostprocessing = 0;
		};
		4EC3E47926E7DCCA0049AD99 /* Frameworks */ = {
			isa = PBXFrameworksBuildPhase;
			buildActionMask = 2147483647;
			files = (
			);
			runOnlyForDeploymentPostprocessing = 0;
		};
/* End PBXFrameworksBuildPhase section */

/* Begin PBXGroup section */
		3126674C2700B90D009834E9 /* ViewModels */ = {
			isa = PBXGroup;
			children = (
				3126674D2700B91E009834E9 /* AuthViewModel.swift */,
			);
			path = ViewModels;
			sourceTree = "<group>";
		};
		4E7A5CD32700FB4F0058CAB9 /* Managers */ = {
			isa = PBXGroup;
			children = (
				4E7A5CD42700FB5C0058CAB9 /* Logger.swift */,
				4E7A5CDB2700FBBF0058CAB9 /* KFManager.swift */,
			);
			path = Managers;
			sourceTree = "<group>";
		};
		4E7A5CD72700FB970058CAB9 /* Helpers */ = {
			isa = PBXGroup;
			children = (
				4E7A5CD82700FBA10058CAB9 /* PodHelper.swift */,
			);
			path = Helpers;
			sourceTree = "<group>";
		};
		4EC3E46726E7DCC80049AD99 = {
			isa = PBXGroup;
			children = (
				4EC3E46C26E7DCC90049AD99 /* Shared */,
				4EC3E47626E7DCCA0049AD99 /* iOS */,
				4EC3E47D26E7DCCA0049AD99 /* macOS */,
				4EC3E47526E7DCCA0049AD99 /* Products */,
			);
			sourceTree = "<group>";
		};
		4EC3E46C26E7DCC90049AD99 /* Shared */ = {
			isa = PBXGroup;
			children = (
				4E7A5CD72700FB970058CAB9 /* Helpers */,
				4E7A5CD32700FB4F0058CAB9 /* Managers */,
				3126674C2700B90D009834E9 /* ViewModels */,
				4EC3E46D26E7DCC90049AD99 /* EnigmaApp.swift */,
				4EC3E46E26E7DCC90049AD99 /* ContentView.swift */,
				4EC3E46F26E7DCCA0049AD99 /* Assets.xcassets */,
			);
			path = Shared;
			sourceTree = "<group>";
		};
		4EC3E47526E7DCCA0049AD99 /* Products */ = {
			isa = PBXGroup;
			children = (
				4EC3E47426E7DCCA0049AD99 /* Enigma.app */,
				4EC3E47C26E7DCCA0049AD99 /* Enigma.app */,
			);
			name = Products;
			sourceTree = "<group>";
		};
		4EC3E47626E7DCCA0049AD99 /* iOS */ = {
			isa = PBXGroup;
			children = (
				4EC3E47726E7DCCA0049AD99 /* Info.plist */,
			);
			path = iOS;
			sourceTree = "<group>";
		};
		4EC3E47D26E7DCCA0049AD99 /* macOS */ = {
			isa = PBXGroup;
			children = (
				4EC3E47E26E7DCCA0049AD99 /* Info.plist */,
				4EC3E47F26E7DCCA0049AD99 /* macOS.entitlements */,
			);
			path = macOS;
			sourceTree = "<group>";
		};
/* End PBXGroup section */

/* Begin PBXNativeTarget section */
		4EC3E47326E7DCCA0049AD99 /* Enigma (iOS) */ = {
			isa = PBXNativeTarget;
			buildConfigurationList = 4EC3E48826E7DCCA0049AD99 /* Build configuration list for PBXNativeTarget "Enigma (iOS)" */;
			buildPhases = (
				4EC3E47026E7DCCA0049AD99 /* Sources */,
				4EC3E47126E7DCCA0049AD99 /* Frameworks */,
				4EC3E47226E7DCCA0049AD99 /* Resources */,
			);
			buildRules = (
			);
			dependencies = (
			);
			name = "Enigma (iOS)";
			packageProductDependencies = (
				8CD8CADE26FADE7A00267EAC /* Kingfisher */,
				8CD8CAE326FADED300267EAC /* Alamofire */,
				8CD8CAE826FADF1200267EAC /* GoogleSignIn */,
				8CD8CAED26FAECB700267EAC /* FirebaseMessaging */,
				312667502700BC3F009834E9 /* SwiftyBeaver */,
			);
			productName = "Enigma (iOS)";
			productReference = 4EC3E47426E7DCCA0049AD99 /* Enigma.app */;
			productType = "com.apple.product-type.application";
		};
		4EC3E47B26E7DCCA0049AD99 /* Enigma (macOS) */ = {
			isa = PBXNativeTarget;
			buildConfigurationList = 4EC3E48B26E7DCCA0049AD99 /* Build configuration list for PBXNativeTarget "Enigma (macOS)" */;
			buildPhases = (
				4EC3E47826E7DCCA0049AD99 /* Sources */,
				4EC3E47926E7DCCA0049AD99 /* Frameworks */,
				4EC3E47A26E7DCCA0049AD99 /* Resources */,
			);
			buildRules = (
			);
			dependencies = (
			);
			name = "Enigma (macOS)";
			productName = "Enigma (macOS)";
			productReference = 4EC3E47C26E7DCCA0049AD99 /* Enigma.app */;
			productType = "com.apple.product-type.application";
		};
/* End PBXNativeTarget section */

/* Begin PBXProject section */
		4EC3E46826E7DCC80049AD99 /* Project object */ = {
			isa = PBXProject;
			attributes = {
				LastSwiftUpdateCheck = 1250;
				LastUpgradeCheck = 1250;
				TargetAttributes = {
					4EC3E47326E7DCCA0049AD99 = {
						CreatedOnToolsVersion = 12.5;
					};
					4EC3E47B26E7DCCA0049AD99 = {
						CreatedOnToolsVersion = 12.5;
					};
				};
			};
			buildConfigurationList = 4EC3E46B26E7DCC80049AD99 /* Build configuration list for PBXProject "Enigma" */;
			compatibilityVersion = "Xcode 9.3";
			developmentRegion = en;
			hasScannedForEncodings = 0;
			knownRegions = (
				en,
				Base,
			);
			mainGroup = 4EC3E46726E7DCC80049AD99;
			packageReferences = (
				8CD8CADD26FADE7A00267EAC /* XCRemoteSwiftPackageReference "Kingfisher" */,
				8CD8CAE226FADED300267EAC /* XCRemoteSwiftPackageReference "Alamofire" */,
				8CD8CAE726FADF1200267EAC /* XCRemoteSwiftPackageReference "GoogleSignIn-iOS" */,
				8CD8CAEC26FAECB700267EAC /* XCRemoteSwiftPackageReference "firebase-ios-sdk" */,
				3126674F2700BC3F009834E9 /* XCRemoteSwiftPackageReference "SwiftyBeaver" */,
			);
			productRefGroup = 4EC3E47526E7DCCA0049AD99 /* Products */;
			projectDirPath = "";
			projectRoot = "";
			targets = (
				4EC3E47326E7DCCA0049AD99 /* Enigma (iOS) */,
				4EC3E47B26E7DCCA0049AD99 /* Enigma (macOS) */,
			);
		};
/* End PBXProject section */

/* Begin PBXResourcesBuildPhase section */
		4EC3E47226E7DCCA0049AD99 /* Resources */ = {
			isa = PBXResourcesBuildPhase;
			buildActionMask = 2147483647;
			files = (
				4EC3E48426E7DCCA0049AD99 /* Assets.xcassets in Resources */,
			);
			runOnlyForDeploymentPostprocessing = 0;
		};
		4EC3E47A26E7DCCA0049AD99 /* Resources */ = {
			isa = PBXResourcesBuildPhase;
			buildActionMask = 2147483647;
			files = (
				4EC3E48526E7DCCA0049AD99 /* Assets.xcassets in Resources */,
			);
			runOnlyForDeploymentPostprocessing = 0;
		};
/* End PBXResourcesBuildPhase section */

/* Begin PBXSourcesBuildPhase section */
		4EC3E47026E7DCCA0049AD99 /* Sources */ = {
			isa = PBXSourcesBuildPhase;
			buildActionMask = 2147483647;
			files = (
				4E7A5CDC2700FBBF0058CAB9 /* KFManager.swift in Sources */,
				4EC3E48226E7DCCA0049AD99 /* ContentView.swift in Sources */,
				4EC3E48026E7DCCA0049AD99 /* EnigmaApp.swift in Sources */,
				3126674E2700B91E009834E9 /* AuthViewModel.swift in Sources */,
				4E7A5CD52700FB5C0058CAB9 /* Logger.swift in Sources */,
				4E7A5CD92700FBA10058CAB9 /* PodHelper.swift in Sources */,
			);
			runOnlyForDeploymentPostprocessing = 0;
		};
		4EC3E47826E7DCCA0049AD99 /* Sources */ = {
			isa = PBXSourcesBuildPhase;
			buildActionMask = 2147483647;
			files = (
				4EC3E48326E7DCCA0049AD99 /* ContentView.swift in Sources */,
				4E7A5CDA2700FBA10058CAB9 /* PodHelper.swift in Sources */,
				4E7A5CD62700FB5C0058CAB9 /* Logger.swift in Sources */,
				4EC3E48126E7DCCA0049AD99 /* EnigmaApp.swift in Sources */,
				4E7A5CDD2700FBBF0058CAB9 /* KFManager.swift in Sources */,
			);
			runOnlyForDeploymentPostprocessing = 0;
		};
/* End PBXSourcesBuildPhase section */

/* Begin XCBuildConfiguration section */
		4EC3E48626E7DCCA0049AD99 /* Debug */ = {
			isa = XCBuildConfiguration;
			buildSettings = {
				ALWAYS_SEARCH_USER_PATHS = NO;
				CLANG_ANALYZER_NONNULL = YES;
				CLANG_ANALYZER_NUMBER_OBJECT_CONVERSION = YES_AGGRESSIVE;
				CLANG_CXX_LANGUAGE_STANDARD = "gnu++14";
				CLANG_CXX_LIBRARY = "libc++";
				CLANG_ENABLE_MODULES = YES;
				CLANG_ENABLE_OBJC_ARC = YES;
				CLANG_ENABLE_OBJC_WEAK = YES;
				CLANG_WARN_BLOCK_CAPTURE_AUTORELEASING = YES;
				CLANG_WARN_BOOL_CONVERSION = YES;
				CLANG_WARN_COMMA = YES;
				CLANG_WARN_CONSTANT_CONVERSION = YES;
				CLANG_WARN_DEPRECATED_OBJC_IMPLEMENTATIONS = YES;
				CLANG_WARN_DIRECT_OBJC_ISA_USAGE = YES_ERROR;
				CLANG_WARN_DOCUMENTATION_COMMENTS = YES;
				CLANG_WARN_EMPTY_BODY = YES;
				CLANG_WARN_ENUM_CONVERSION = YES;
				CLANG_WARN_INFINITE_RECURSION = YES;
				CLANG_WARN_INT_CONVERSION = YES;
				CLANG_WARN_NON_LITERAL_NULL_CONVERSION = YES;
				CLANG_WARN_OBJC_IMPLICIT_RETAIN_SELF = YES;
				CLANG_WARN_OBJC_LITERAL_CONVERSION = YES;
				CLANG_WARN_OBJC_ROOT_CLASS = YES_ERROR;
				CLANG_WARN_QUOTED_INCLUDE_IN_FRAMEWORK_HEADER = YES;
				CLANG_WARN_RANGE_LOOP_ANALYSIS = YES;
				CLANG_WARN_STRICT_PROTOTYPES = YES;
				CLANG_WARN_SUSPICIOUS_MOVE = YES;
				CLANG_WARN_UNGUARDED_AVAILABILITY = YES_AGGRESSIVE;
				CLANG_WARN_UNREACHABLE_CODE = YES;
				CLANG_WARN__DUPLICATE_METHOD_MATCH = YES;
				COPY_PHASE_STRIP = NO;
				DEBUG_INFORMATION_FORMAT = dwarf;
				ENABLE_STRICT_OBJC_MSGSEND = YES;
				ENABLE_TESTABILITY = YES;
				GCC_C_LANGUAGE_STANDARD = gnu11;
				GCC_DYNAMIC_NO_PIC = NO;
				GCC_NO_COMMON_BLOCKS = YES;
				GCC_OPTIMIZATION_LEVEL = 0;
				GCC_PREPROCESSOR_DEFINITIONS = (
					"DEBUG=1",
					"$(inherited)",
				);
				GCC_WARN_64_TO_32_BIT_CONVERSION = YES;
				GCC_WARN_ABOUT_RETURN_TYPE = YES_ERROR;
				GCC_WARN_UNDECLARED_SELECTOR = YES;
				GCC_WARN_UNINITIALIZED_AUTOS = YES_AGGRESSIVE;
				GCC_WARN_UNUSED_FUNCTION = YES;
				GCC_WARN_UNUSED_VARIABLE = YES;
				MTL_ENABLE_DEBUG_INFO = INCLUDE_SOURCE;
				MTL_FAST_MATH = YES;
				ONLY_ACTIVE_ARCH = YES;
				SWIFT_ACTIVE_COMPILATION_CONDITIONS = DEBUG;
				SWIFT_OPTIMIZATION_LEVEL = "-Onone";
			};
			name = Debug;
		};
		4EC3E48726E7DCCA0049AD99 /* Release */ = {
			isa = XCBuildConfiguration;
			buildSettings = {
				ALWAYS_SEARCH_USER_PATHS = NO;
				CLANG_ANALYZER_NONNULL = YES;
				CLANG_ANALYZER_NUMBER_OBJECT_CONVERSION = YES_AGGRESSIVE;
				CLANG_CXX_LANGUAGE_STANDARD = "gnu++14";
				CLANG_CXX_LIBRARY = "libc++";
				CLANG_ENABLE_MODULES = YES;
				CLANG_ENABLE_OBJC_ARC = YES;
				CLANG_ENABLE_OBJC_WEAK = YES;
				CLANG_WARN_BLOCK_CAPTURE_AUTORELEASING = YES;
				CLANG_WARN_BOOL_CONVERSION = YES;
				CLANG_WARN_COMMA = YES;
				CLANG_WARN_CONSTANT_CONVERSION = YES;
				CLANG_WARN_DEPRECATED_OBJC_IMPLEMENTATIONS = YES;
				CLANG_WARN_DIRECT_OBJC_ISA_USAGE = YES_ERROR;
				CLANG_WARN_DOCUMENTATION_COMMENTS = YES;
				CLANG_WARN_EMPTY_BODY = YES;
				CLANG_WARN_ENUM_CONVERSION = YES;
				CLANG_WARN_INFINITE_RECURSION = YES;
				CLANG_WARN_INT_CONVERSION = YES;
				CLANG_WARN_NON_LITERAL_NULL_CONVERSION = YES;
				CLANG_WARN_OBJC_IMPLICIT_RETAIN_SELF = YES;
				CLANG_WARN_OBJC_LITERAL_CONVERSION = YES;
				CLANG_WARN_OBJC_ROOT_CLASS = YES_ERROR;
				CLANG_WARN_QUOTED_INCLUDE_IN_FRAMEWORK_HEADER = YES;
				CLANG_WARN_RANGE_LOOP_ANALYSIS = YES;
				CLANG_WARN_STRICT_PROTOTYPES = YES;
				CLANG_WARN_SUSPICIOUS_MOVE = YES;
				CLANG_WARN_UNGUARDED_AVAILABILITY = YES_AGGRESSIVE;
				CLANG_WARN_UNREACHABLE_CODE = YES;
				CLANG_WARN__DUPLICATE_METHOD_MATCH = YES;
				COPY_PHASE_STRIP = NO;
				DEBUG_INFORMATION_FORMAT = "dwarf-with-dsym";
				ENABLE_NS_ASSERTIONS = NO;
				ENABLE_STRICT_OBJC_MSGSEND = YES;
				GCC_C_LANGUAGE_STANDARD = gnu11;
				GCC_NO_COMMON_BLOCKS = YES;
				GCC_WARN_64_TO_32_BIT_CONVERSION = YES;
				GCC_WARN_ABOUT_RETURN_TYPE = YES_ERROR;
				GCC_WARN_UNDECLARED_SELECTOR = YES;
				GCC_WARN_UNINITIALIZED_AUTOS = YES_AGGRESSIVE;
				GCC_WARN_UNUSED_FUNCTION = YES;
				GCC_WARN_UNUSED_VARIABLE = YES;
				MTL_ENABLE_DEBUG_INFO = NO;
				MTL_FAST_MATH = YES;
				SWIFT_COMPILATION_MODE = wholemodule;
				SWIFT_OPTIMIZATION_LEVEL = "-O";
			};
			name = Release;
		};
		4EC3E48926E7DCCA0049AD99 /* Debug */ = {
			isa = XCBuildConfiguration;
			buildSettings = {
				ASSETCATALOG_COMPILER_APPICON_NAME = AppIcon;
				ASSETCATALOG_COMPILER_GLOBAL_ACCENT_COLOR_NAME = AccentColor;
				CODE_SIGN_STYLE = Automatic;
				DEVELOPMENT_TEAM = F8CHS6PHQS;
				ENABLE_PREVIEWS = YES;
				INFOPLIST_FILE = iOS/Info.plist;
				IPHONEOS_DEPLOYMENT_TARGET = 14.0;
				LD_RUNPATH_SEARCH_PATHS = (
					"$(inherited)",
					"@executable_path/Frameworks",
				);
				PRODUCT_BUNDLE_IDENTIFIER = ak.Enigma;
				PRODUCT_NAME = Enigma;
				SDKROOT = iphoneos;
				SWIFT_VERSION = 5.0;
				TARGETED_DEVICE_FAMILY = "1,2";
			};
			name = Debug;
		};
		4EC3E48A26E7DCCA0049AD99 /* Release */ = {
			isa = XCBuildConfiguration;
			buildSettings = {
				ASSETCATALOG_COMPILER_APPICON_NAME = AppIcon;
				ASSETCATALOG_COMPILER_GLOBAL_ACCENT_COLOR_NAME = AccentColor;
				CODE_SIGN_STYLE = Automatic;
				DEVELOPMENT_TEAM = F8CHS6PHQS;
				ENABLE_PREVIEWS = YES;
				INFOPLIST_FILE = iOS/Info.plist;
				IPHONEOS_DEPLOYMENT_TARGET = 14.0;
				LD_RUNPATH_SEARCH_PATHS = (
					"$(inherited)",
					"@executable_path/Frameworks",
				);
				PRODUCT_BUNDLE_IDENTIFIER = ak.Enigma;
				PRODUCT_NAME = Enigma;
				SDKROOT = iphoneos;
				SWIFT_VERSION = 5.0;
				TARGETED_DEVICE_FAMILY = "1,2";
				VALIDATE_PRODUCT = YES;
			};
			name = Release;
		};
		4EC3E48C26E7DCCA0049AD99 /* Debug */ = {
			isa = XCBuildConfiguration;
			buildSettings = {
				ASSETCATALOG_COMPILER_APPICON_NAME = AppIcon;
				ASSETCATALOG_COMPILER_GLOBAL_ACCENT_COLOR_NAME = AccentColor;
				CODE_SIGN_ENTITLEMENTS = macOS/macOS.entitlements;
				CODE_SIGN_STYLE = Automatic;
				COMBINE_HIDPI_IMAGES = YES;
				DEVELOPMENT_TEAM = F8CHS6PHQS;
				ENABLE_HARDENED_RUNTIME = YES;
				ENABLE_PREVIEWS = YES;
				INFOPLIST_FILE = macOS/Info.plist;
				LD_RUNPATH_SEARCH_PATHS = (
					"$(inherited)",
					"@executable_path/../Frameworks",
				);
				MACOSX_DEPLOYMENT_TARGET = 11.0;
				PRODUCT_BUNDLE_IDENTIFIER = ak.Enigma;
				PRODUCT_NAME = Enigma;
				SDKROOT = macosx;
				SWIFT_VERSION = 5.0;
			};
			name = Debug;
		};
		4EC3E48D26E7DCCA0049AD99 /* Release */ = {
			isa = XCBuildConfiguration;
			buildSettings = {
				ASSETCATALOG_COMPILER_APPICON_NAME = AppIcon;
				ASSETCATALOG_COMPILER_GLOBAL_ACCENT_COLOR_NAME = AccentColor;
				CODE_SIGN_ENTITLEMENTS = macOS/macOS.entitlements;
				CODE_SIGN_STYLE = Automatic;
				COMBINE_HIDPI_IMAGES = YES;
				DEVELOPMENT_TEAM = F8CHS6PHQS;
				ENABLE_HARDENED_RUNTIME = YES;
				ENABLE_PREVIEWS = YES;
				INFOPLIST_FILE = macOS/Info.plist;
				LD_RUNPATH_SEARCH_PATHS = (
					"$(inherited)",
					"@executable_path/../Frameworks",
				);
				MACOSX_DEPLOYMENT_TARGET = 11.0;
				PRODUCT_BUNDLE_IDENTIFIER = ak.Enigma;
				PRODUCT_NAME = Enigma;
				SDKROOT = macosx;
				SWIFT_VERSION = 5.0;
			};
			name = Release;
		};
/* End XCBuildConfiguration section */

/* Begin XCConfigurationList section */
		4EC3E46B26E7DCC80049AD99 /* Build configuration list for PBXProject "Enigma" */ = {
			isa = XCConfigurationList;
			buildConfigurations = (
				4EC3E48626E7DCCA0049AD99 /* Debug */,
				4EC3E48726E7DCCA0049AD99 /* Release */,
			);
			defaultConfigurationIsVisible = 0;
			defaultConfigurationName = Release;
		};
		4EC3E48826E7DCCA0049AD99 /* Build configuration list for PBXNativeTarget "Enigma (iOS)" */ = {
			isa = XCConfigurationList;
			buildConfigurations = (
				4EC3E48926E7DCCA0049AD99 /* Debug */,
				4EC3E48A26E7DCCA0049AD99 /* Release */,
			);
			defaultConfigurationIsVisible = 0;
			defaultConfigurationName = Release;
		};
		4EC3E48B26E7DCCA0049AD99 /* Build configuration list for PBXNativeTarget "Enigma (macOS)" */ = {
			isa = XCConfigurationList;
			buildConfigurations = (
				4EC3E48C26E7DCCA0049AD99 /* Debug */,
				4EC3E48D26E7DCCA0049AD99 /* Release */,
			);
			defaultConfigurationIsVisible = 0;
			defaultConfigurationName = Release;
		};
/* End XCConfigurationList section */

/* Begin XCRemoteSwiftPackageReference section */
		3126674F2700BC3F009834E9 /* XCRemoteSwiftPackageReference "SwiftyBeaver" */ = {
			isa = XCRemoteSwiftPackageReference;
			repositoryURL = "https://github.com/SwiftyBeaver/SwiftyBeaver";
			requirement = {
				kind = upToNextMajorVersion;
				minimumVersion = 1.9.5;
			};
		};
		8CD8CADD26FADE7A00267EAC /* XCRemoteSwiftPackageReference "Kingfisher" */ = {
			isa = XCRemoteSwiftPackageReference;
			repositoryURL = "https://github.com/onevcat/Kingfisher.git";
			requirement = {
				kind = upToNextMajorVersion;
				minimumVersion = 7.0.0;
			};
		};
		8CD8CAE226FADED300267EAC /* XCRemoteSwiftPackageReference "Alamofire" */ = {
			isa = XCRemoteSwiftPackageReference;
			repositoryURL = "https://github.com/Alamofire/Alamofire.git";
			requirement = {
				kind = upToNextMajorVersion;
				minimumVersion = 5.4.4;
			};
		};
		8CD8CAE726FADF1200267EAC /* XCRemoteSwiftPackageReference "GoogleSignIn-iOS" */ = {
			isa = XCRemoteSwiftPackageReference;
			repositoryURL = "https://github.com/google/GoogleSignIn-iOS";
			requirement = {
				kind = upToNextMajorVersion;
				minimumVersion = 6.0.2;
			};
		};
		8CD8CAEC26FAECB700267EAC /* XCRemoteSwiftPackageReference "firebase-ios-sdk" */ = {
			isa = XCRemoteSwiftPackageReference;
			repositoryURL = "https://github.com/firebase/firebase-ios-sdk.git";
			requirement = {
				kind = upToNextMajorVersion;
				minimumVersion = 8.7.0;
			};
		};
/* End XCRemoteSwiftPackageReference section */

/* Begin XCSwiftPackageProductDependency section */
		312667502700BC3F009834E9 /* SwiftyBeaver */ = {
			isa = XCSwiftPackageProductDependency;
			package = 3126674F2700BC3F009834E9 /* XCRemoteSwiftPackageReference "SwiftyBeaver" */;
			productName = SwiftyBeaver;
		};
		8CD8CADE26FADE7A00267EAC /* Kingfisher */ = {
			isa = XCSwiftPackageProductDependency;
			package = 8CD8CADD26FADE7A00267EAC /* XCRemoteSwiftPackageReference "Kingfisher" */;
			productName = Kingfisher;
		};
		8CD8CAE326FADED300267EAC /* Alamofire */ = {
			isa = XCSwiftPackageProductDependency;
			package = 8CD8CAE226FADED300267EAC /* XCRemoteSwiftPackageReference "Alamofire" */;
			productName = Alamofire;
		};
		8CD8CAE826FADF1200267EAC /* GoogleSignIn */ = {
			isa = XCSwiftPackageProductDependency;
			package = 8CD8CAE726FADF1200267EAC /* XCRemoteSwiftPackageReference "GoogleSignIn-iOS" */;
			productName = GoogleSignIn;
		};
		8CD8CAED26FAECB700267EAC /* FirebaseMessaging */ = {
			isa = XCSwiftPackageProductDependency;
			package = 8CD8CAEC26FAECB700267EAC /* XCRemoteSwiftPackageReference "firebase-ios-sdk" */;
			productName = FirebaseMessaging;
		};
/* End XCSwiftPackageProductDependency section */
	};
	rootObject = 4EC3E46826E7DCC80049AD99 /* Project object */;
}
