// !$*UTF8*$!
{
	archiveVersion = 1;
	classes = {
	};
	objectVersion = 52;
	objects = {

/* Begin PBXBuildFile section */
		3126674E2700B91E009834E9 /* AuthViewModel.swift in Sources */ = {isa = PBXBuildFile; fileRef = 3126674D2700B91E009834E9 /* AuthViewModel.swift */; };
		312667512700BC3F009834E9 /* SwiftyBeaver in Frameworks */ = {isa = PBXBuildFile; productRef = 312667502700BC3F009834E9 /* SwiftyBeaver */; };
		314D79B9270C685A003C2F8A /* LoginView.swift in Sources */ = {isa = PBXBuildFile; fileRef = 314D79B8270C685A003C2F8A /* LoginView.swift */; };
		314D79BF270C6C29003C2F8A /* CustomButton.swift in Sources */ = {isa = PBXBuildFile; fileRef = 314D79BE270C6C29003C2F8A /* CustomButton.swift */; };
		3196110B270206080030901E /* SignUpModel.swift in Sources */ = {isa = PBXBuildFile; fileRef = 3196110A270206080030901E /* SignUpModel.swift */; };
		319611112702078E0030901E /* Data.swift in Sources */ = {isa = PBXBuildFile; fileRef = 319611102702078E0030901E /* Data.swift */; };
		31A266612718A1C6005B1A17 /* RoomsView.swift in Sources */ = {isa = PBXBuildFile; fileRef = 31A266602718A1C6005B1A17 /* RoomsView.swift */; };
		31A2665D2718996D005B1A17 /* LeaderboardRow.swift in Sources */ = {isa = PBXBuildFile; fileRef = 31A2665C2718996D005B1A17 /* LeaderboardRow.swift */; };
		31A2665F27189A0B005B1A17 /* LeaderboardItem.swift in Sources */ = {isa = PBXBuildFile; fileRef = 31A2665E27189A0B005B1A17 /* LeaderboardItem.swift */; };
		31AB32DB27024A0A00C43EAA /* APIResponse.swift in Sources */ = {isa = PBXBuildFile; fileRef = 31AB32DA27024A0A00C43EAA /* APIResponse.swift */; };

		31C131F7271D3DA100BD5301 /* RoomModel.swift in Sources */ = {isa = PBXBuildFile; fileRef = 31C131F6271D3DA100BD5301 /* RoomModel.swift */; };

		31CEEDA12715C38900298399 /* DropdownView.swift in Sources */ = {isa = PBXBuildFile; fileRef = 31CEEDA02715C38900298399 /* DropdownView.swift */; };
		31CEEDA32715C5A900298399 /* ProfileSetupView.swift in Sources */ = {isa = PBXBuildFile; fileRef = 31CEEDA22715C5A900298399 /* ProfileSetupView.swift */; };
		31CEEDA92715E62400298399 /* RadioGroupView.swift in Sources */ = {isa = PBXBuildFile; fileRef = 31CEEDA82715E62400298399 /* RadioGroupView.swift */; };
		31D55DE1271768D80068A8AF /* SetupProfileModel.swift in Sources */ = {isa = PBXBuildFile; fileRef = 31D55DE0271768D80068A8AF /* SetupProfileModel.swift */; };

		31D994632701EBB000E506D9 /* APIClient.swift in Sources */ = {isa = PBXBuildFile; fileRef = 31D994612701EBB000E506D9 /* APIClient.swift */; };
		31D994642701EBB000E506D9 /* APIClient.swift in Sources */ = {isa = PBXBuildFile; fileRef = 31D994612701EBB000E506D9 /* APIClient.swift */; };
		31D994652701EBB000E506D9 /* Router.swift in Sources */ = {isa = PBXBuildFile; fileRef = 31D994622701EBB000E506D9 /* Router.swift */; };
		31D994662701EBB000E506D9 /* Router.swift in Sources */ = {isa = PBXBuildFile; fileRef = 31D994622701EBB000E506D9 /* Router.swift */; };
		31DDD20727171EE5002315FC /* ProfileSetupViewModel.swift in Sources */ = {isa = PBXBuildFile; fileRef = 31DDD20627171EE5002315FC /* ProfileSetupViewModel.swift */; };
		31DDD20D27176146002315FC /* GoogleService-Info.plist in Resources */ = {isa = PBXBuildFile; fileRef = 31DDD20C27176146002315FC /* GoogleService-Info.plist */; };
		31DDD20F271764BB002315FC /* CustomTextField.swift in Sources */ = {isa = PBXBuildFile; fileRef = 31DDD20E271764BB002315FC /* CustomTextField.swift */; };
		4E7A5CD52700FB5C0058CAB9 /* Logger.swift in Sources */ = {isa = PBXBuildFile; fileRef = 4E7A5CD42700FB5C0058CAB9 /* Logger.swift */; };
		4E7A5CD62700FB5C0058CAB9 /* Logger.swift in Sources */ = {isa = PBXBuildFile; fileRef = 4E7A5CD42700FB5C0058CAB9 /* Logger.swift */; };
		4E7A5CD92700FBA10058CAB9 /* PodHelper.swift in Sources */ = {isa = PBXBuildFile; fileRef = 4E7A5CD82700FBA10058CAB9 /* PodHelper.swift */; };
		4E7A5CDA2700FBA10058CAB9 /* PodHelper.swift in Sources */ = {isa = PBXBuildFile; fileRef = 4E7A5CD82700FBA10058CAB9 /* PodHelper.swift */; };
		4E7A5CDC2700FBBF0058CAB9 /* KFManager.swift in Sources */ = {isa = PBXBuildFile; fileRef = 4E7A5CDB2700FBBF0058CAB9 /* KFManager.swift */; };
		4E7A5CDD2700FBBF0058CAB9 /* KFManager.swift in Sources */ = {isa = PBXBuildFile; fileRef = 4E7A5CDB2700FBBF0058CAB9 /* KFManager.swift */; };
		4EC3E48026E7DCCA0049AD99 /* EnigmaApp.swift in Sources */ = {isa = PBXBuildFile; fileRef = 4EC3E46D26E7DCC90049AD99 /* EnigmaApp.swift */; };
		4EC3E48126E7DCCA0049AD99 /* EnigmaApp.swift in Sources */ = {isa = PBXBuildFile; fileRef = 4EC3E46D26E7DCC90049AD99 /* EnigmaApp.swift */; };
		4EC3E48226E7DCCA0049AD99 /* ContentView.swift in Sources */ = {isa = PBXBuildFile; fileRef = 4EC3E46E26E7DCC90049AD99 /* ContentView.swift */; };
		4EC3E48326E7DCCA0049AD99 /* ContentView.swift in Sources */ = {isa = PBXBuildFile; fileRef = 4EC3E46E26E7DCC90049AD99 /* ContentView.swift */; };
		4EC3E48426E7DCCA0049AD99 /* Assets.xcassets in Resources */ = {isa = PBXBuildFile; fileRef = 4EC3E46F26E7DCCA0049AD99 /* Assets.xcassets */; };
		4EC3E48526E7DCCA0049AD99 /* Assets.xcassets in Resources */ = {isa = PBXBuildFile; fileRef = 4EC3E46F26E7DCCA0049AD99 /* Assets.xcassets */; };
		8C46F76527195924003132B1 /* EnigmaAlert.swift in Sources */ = {isa = PBXBuildFile; fileRef = 8C46F76427195924003132B1 /* EnigmaAlert.swift */; };
		8C46F76727198F93003132B1 /* RoomUI.swift in Sources */ = {isa = PBXBuildFile; fileRef = 8C46F76627198F93003132B1 /* RoomUI.swift */; };
		8C4FD31C271B36B30053F75A /* GameViewModel.swift in Sources */ = {isa = PBXBuildFile; fileRef = 8C4FD31B271B36B30053F75A /* GameViewModel.swift */; };
		8C46F761271949A2003132B1 /* EnigmaHeader.swift in Sources */ = {isa = PBXBuildFile; fileRef = 8C46F760271949A2003132B1 /* EnigmaHeader.swift */; };
		8CAC2B6D27103AF5008049D3 /* TimerBlock.swift in Sources */ = {isa = PBXBuildFile; fileRef = 8CAC2B6C27103AF5008049D3 /* TimerBlock.swift */; };
		8CAC2B7027103B39008049D3 /* TimeView.swift in Sources */ = {isa = PBXBuildFile; fileRef = 8CAC2B6F27103B39008049D3 /* TimeView.swift */; };
		8CC128B4270301C1000483AB /* TimerModel.swift in Sources */ = {isa = PBXBuildFile; fileRef = 8CC128B3270301C1000483AB /* TimerModel.swift */; };
		8CC128B82705D619000483AB /* TimerViewModel.swift in Sources */ = {isa = PBXBuildFile; fileRef = 8CC128B72705D618000483AB /* TimerViewModel.swift */; };
		8CD8CADF26FADE7A00267EAC /* Kingfisher in Frameworks */ = {isa = PBXBuildFile; productRef = 8CD8CADE26FADE7A00267EAC /* Kingfisher */; };
		8CD8CAE426FADED300267EAC /* Alamofire in Frameworks */ = {isa = PBXBuildFile; productRef = 8CD8CAE326FADED300267EAC /* Alamofire */; };
		8CD8CAE926FADF1200267EAC /* GoogleSignIn in Frameworks */ = {isa = PBXBuildFile; productRef = 8CD8CAE826FADF1200267EAC /* GoogleSignIn */; };
		8CD8CAEE26FAECB700267EAC /* FirebaseMessaging in Frameworks */ = {isa = PBXBuildFile; productRef = 8CD8CAED26FAECB700267EAC /* FirebaseMessaging */; };
		8CEEBAF82702524D00515E4A /* AppleCoordinator.swift in Sources */ = {isa = PBXBuildFile; fileRef = 8CEEBAF72702524D00515E4A /* AppleCoordinator.swift */; };
		8CEF83E92712F17900E96E2E /* StoryBubble.swift in Sources */ = {isa = PBXBuildFile; fileRef = 8CEF83E82712F17900E96E2E /* StoryBubble.swift */; };
		8CEF83EC2712F23500E96E2E /* StoryModel.swift in Sources */ = {isa = PBXBuildFile; fileRef = 8CEF83EB2712F23500E96E2E /* StoryModel.swift */; };
		A01836D227042C3100A4F896 /* GoogleCoordinator.swift in Sources */ = {isa = PBXBuildFile; fileRef = A01836D127042C3100A4F896 /* GoogleCoordinator.swift */; };
		A01836D427042CCA00A4F896 /* AppConstants.swift in Sources */ = {isa = PBXBuildFile; fileRef = A01836D327042CCA00A4F896 /* AppConstants.swift */; };
/* End PBXBuildFile section */

/* Begin PBXFileReference section */
		3126674D2700B91E009834E9 /* AuthViewModel.swift */ = {isa = PBXFileReference; lastKnownFileType = sourcecode.swift; path = AuthViewModel.swift; sourceTree = "<group>"; };
		314D79B8270C685A003C2F8A /* LoginView.swift */ = {isa = PBXFileReference; lastKnownFileType = sourcecode.swift; path = LoginView.swift; sourceTree = "<group>"; };
		314D79BE270C6C29003C2F8A /* CustomButton.swift */ = {isa = PBXFileReference; lastKnownFileType = sourcecode.swift; path = CustomButton.swift; sourceTree = "<group>"; };
		3196110A270206080030901E /* SignUpModel.swift */ = {isa = PBXFileReference; lastKnownFileType = sourcecode.swift; path = SignUpModel.swift; sourceTree = "<group>"; };
		319611102702078E0030901E /* Data.swift */ = {isa = PBXFileReference; lastKnownFileType = sourcecode.swift; path = Data.swift; sourceTree = "<group>"; };
		31A266602718A1C6005B1A17 /* RoomsView.swift */ = {isa = PBXFileReference; lastKnownFileType = sourcecode.swift; path = RoomsView.swift; sourceTree = "<group>"; };
		31A2665C2718996D005B1A17 /* LeaderboardRow.swift */ = {isa = PBXFileReference; lastKnownFileType = sourcecode.swift; path = LeaderboardRow.swift; sourceTree = "<group>"; };
		31A2665E27189A0B005B1A17 /* LeaderboardItem.swift */ = {isa = PBXFileReference; lastKnownFileType = sourcecode.swift; path = LeaderboardItem.swift; sourceTree = "<group>"; };
		31AB32DA27024A0A00C43EAA /* APIResponse.swift */ = {isa = PBXFileReference; lastKnownFileType = sourcecode.swift; path = APIResponse.swift; sourceTree = "<group>"; };

		31C131F6271D3DA100BD5301 /* RoomModel.swift */ = {isa = PBXFileReference; lastKnownFileType = sourcecode.swift; path = RoomModel.swift; sourceTree = "<group>"; };

		31CEEDA02715C38900298399 /* DropdownView.swift */ = {isa = PBXFileReference; lastKnownFileType = sourcecode.swift; path = DropdownView.swift; sourceTree = "<group>"; };
		31CEEDA22715C5A900298399 /* ProfileSetupView.swift */ = {isa = PBXFileReference; lastKnownFileType = sourcecode.swift; path = ProfileSetupView.swift; sourceTree = "<group>"; };
		31CEEDA82715E62400298399 /* RadioGroupView.swift */ = {isa = PBXFileReference; lastKnownFileType = sourcecode.swift; path = RadioGroupView.swift; sourceTree = "<group>"; };
		31D55DE0271768D80068A8AF /* SetupProfileModel.swift */ = {isa = PBXFileReference; lastKnownFileType = sourcecode.swift; path = SetupProfileModel.swift; sourceTree = "<group>"; };

		31D994612701EBB000E506D9 /* APIClient.swift */ = {isa = PBXFileReference; fileEncoding = 4; lastKnownFileType = sourcecode.swift; path = APIClient.swift; sourceTree = "<group>"; };
		31D994622701EBB000E506D9 /* Router.swift */ = {isa = PBXFileReference; fileEncoding = 4; lastKnownFileType = sourcecode.swift; path = Router.swift; sourceTree = "<group>"; };
		31DDD20627171EE5002315FC /* ProfileSetupViewModel.swift */ = {isa = PBXFileReference; lastKnownFileType = sourcecode.swift; path = ProfileSetupViewModel.swift; sourceTree = "<group>"; };
		31DDD20C27176146002315FC /* GoogleService-Info.plist */ = {isa = PBXFileReference; fileEncoding = 4; lastKnownFileType = text.plist.xml; path = "GoogleService-Info.plist"; sourceTree = "<group>"; };
		31DDD20E271764BB002315FC /* CustomTextField.swift */ = {isa = PBXFileReference; lastKnownFileType = sourcecode.swift; path = CustomTextField.swift; sourceTree = "<group>"; };
		4E7A5CD42700FB5C0058CAB9 /* Logger.swift */ = {isa = PBXFileReference; lastKnownFileType = sourcecode.swift; path = Logger.swift; sourceTree = "<group>"; };
		4E7A5CD82700FBA10058CAB9 /* PodHelper.swift */ = {isa = PBXFileReference; lastKnownFileType = sourcecode.swift; path = PodHelper.swift; sourceTree = "<group>"; };
		4E7A5CDB2700FBBF0058CAB9 /* KFManager.swift */ = {isa = PBXFileReference; lastKnownFileType = sourcecode.swift; path = KFManager.swift; sourceTree = "<group>"; };
		4EC3E46D26E7DCC90049AD99 /* EnigmaApp.swift */ = {isa = PBXFileReference; lastKnownFileType = sourcecode.swift; path = EnigmaApp.swift; sourceTree = "<group>"; };
		4EC3E46E26E7DCC90049AD99 /* ContentView.swift */ = {isa = PBXFileReference; lastKnownFileType = sourcecode.swift; path = ContentView.swift; sourceTree = "<group>"; };
		4EC3E46F26E7DCCA0049AD99 /* Assets.xcassets */ = {isa = PBXFileReference; lastKnownFileType = folder.assetcatalog; path = Assets.xcassets; sourceTree = "<group>"; };
		4EC3E47426E7DCCA0049AD99 /* Enigma.app */ = {isa = PBXFileReference; explicitFileType = wrapper.application; includeInIndex = 0; path = Enigma.app; sourceTree = BUILT_PRODUCTS_DIR; };
		4EC3E47726E7DCCA0049AD99 /* Info.plist */ = {isa = PBXFileReference; lastKnownFileType = text.plist.xml; path = Info.plist; sourceTree = "<group>"; };
		4EC3E47C26E7DCCA0049AD99 /* Enigma.app */ = {isa = PBXFileReference; explicitFileType = wrapper.application; includeInIndex = 0; path = Enigma.app; sourceTree = BUILT_PRODUCTS_DIR; };
		4EC3E47E26E7DCCA0049AD99 /* Info.plist */ = {isa = PBXFileReference; lastKnownFileType = text.plist.xml; path = Info.plist; sourceTree = "<group>"; };
		4EC3E47F26E7DCCA0049AD99 /* macOS.entitlements */ = {isa = PBXFileReference; lastKnownFileType = text.plist.entitlements; path = macOS.entitlements; sourceTree = "<group>"; };
		8C46F76427195924003132B1 /* EnigmaAlert.swift */ = {isa = PBXFileReference; lastKnownFileType = sourcecode.swift; path = EnigmaAlert.swift; sourceTree = "<group>"; };
		8C46F76627198F93003132B1 /* RoomUI.swift */ = {isa = PBXFileReference; lastKnownFileType = sourcecode.swift; path = RoomUI.swift; sourceTree = "<group>"; };
		8C4FD31B271B36B30053F75A /* GameViewModel.swift */ = {isa = PBXFileReference; lastKnownFileType = sourcecode.swift; path = GameViewModel.swift; sourceTree = "<group>"; };
		8C46F760271949A2003132B1 /* EnigmaHeader.swift */ = {isa = PBXFileReference; lastKnownFileType = sourcecode.swift; path = EnigmaHeader.swift; sourceTree = "<group>"; };
		8CAC2B6C27103AF5008049D3 /* TimerBlock.swift */ = {isa = PBXFileReference; lastKnownFileType = sourcecode.swift; path = TimerBlock.swift; sourceTree = "<group>"; };
		8CAC2B6F27103B39008049D3 /* TimeView.swift */ = {isa = PBXFileReference; lastKnownFileType = sourcecode.swift; path = TimeView.swift; sourceTree = "<group>"; };
		8CC128B3270301C1000483AB /* TimerModel.swift */ = {isa = PBXFileReference; lastKnownFileType = sourcecode.swift; path = TimerModel.swift; sourceTree = "<group>"; };
		8CC128B72705D618000483AB /* TimerViewModel.swift */ = {isa = PBXFileReference; lastKnownFileType = sourcecode.swift; path = TimerViewModel.swift; sourceTree = "<group>"; };
		8CEEBAF72702524D00515E4A /* AppleCoordinator.swift */ = {isa = PBXFileReference; lastKnownFileType = sourcecode.swift; path = AppleCoordinator.swift; sourceTree = "<group>"; };
		8CEF83E82712F17900E96E2E /* StoryBubble.swift */ = {isa = PBXFileReference; lastKnownFileType = sourcecode.swift; path = StoryBubble.swift; sourceTree = "<group>"; };
		8CEF83EB2712F23500E96E2E /* StoryModel.swift */ = {isa = PBXFileReference; lastKnownFileType = sourcecode.swift; path = StoryModel.swift; sourceTree = "<group>"; };
		A01836D127042C3100A4F896 /* GoogleCoordinator.swift */ = {isa = PBXFileReference; lastKnownFileType = sourcecode.swift; path = GoogleCoordinator.swift; sourceTree = "<group>"; };
		A01836D327042CCA00A4F896 /* AppConstants.swift */ = {isa = PBXFileReference; lastKnownFileType = sourcecode.swift; path = AppConstants.swift; sourceTree = "<group>"; };
/* End PBXFileReference section */

/* Begin PBXFrameworksBuildPhase section */
		4EC3E47126E7DCCA0049AD99 /* Frameworks */ = {
			isa = PBXFrameworksBuildPhase;
			buildActionMask = 2147483647;
			files = (
				8CD8CAEE26FAECB700267EAC /* FirebaseMessaging in Frameworks */,
				8CD8CADF26FADE7A00267EAC /* Kingfisher in Frameworks */,
				312667512700BC3F009834E9 /* SwiftyBeaver in Frameworks */,
				8CD8CAE426FADED300267EAC /* Alamofire in Frameworks */,
				8CD8CAE926FADF1200267EAC /* GoogleSignIn in Frameworks */,
			);
			runOnlyForDeploymentPostprocessing = 0;
		};
		4EC3E47926E7DCCA0049AD99 /* Frameworks */ = {
			isa = PBXFrameworksBuildPhase;
			buildActionMask = 2147483647;
			files = (
			);
			runOnlyForDeploymentPostprocessing = 0;
		};
/* End PBXFrameworksBuildPhase section */

/* Begin PBXGroup section */
		3126674C2700B90D009834E9 /* ViewModels */ = {
			isa = PBXGroup;
			children = (
				3126674D2700B91E009834E9 /* AuthViewModel.swift */,
				8CC128B72705D618000483AB /* TimerViewModel.swift */,
				31DDD20627171EE5002315FC /* ProfileSetupViewModel.swift */,
				8C4FD31B271B36B30053F75A /* GameViewModel.swift */,
			);
			path = ViewModels;
			sourceTree = "<group>";
		};
		314D79B7270C683B003C2F8A /* App */ = {
			isa = PBXGroup;
			children = (
				8CAC2B6E27103B09008049D3 /* Login */,
				314D79B8270C685A003C2F8A /* LoginView.swift */,

				31A266602718A1C6005B1A17 /* RoomsView.swift */,

				8C46F76627198F93003132B1 /* RoomUI.swift */,
				31CEEDA22715C5A900298399 /* ProfileSetupView.swift */,

			);
			path = App;
			sourceTree = "<group>";
		};
		314D79BA270C6BBC003C2F8A /* Views */ = {
			isa = PBXGroup;
			children = (

				31A2665B2718995A005B1A17 /* Leaderboard */,

				31CEED9F2715C37300298399 /* UserProfile */,

				8CEF83E72712F16A00E96E2E /* Story */,
				8CAC2B6B27103ACE008049D3 /* Timer */,
				314D79BB270C6BC2003C2F8A /* Common */,
			);
			path = Views;
			sourceTree = "<group>";
		};
		314D79BB270C6BC2003C2F8A /* Common */ = {
			isa = PBXGroup;
			children = (
				314D79BE270C6C29003C2F8A /* CustomButton.swift */,
				8C46F76427195924003132B1 /* EnigmaAlert.swift */,
				8C46F760271949A2003132B1 /* EnigmaHeader.swift */,
				31DDD20E271764BB002315FC /* CustomTextField.swift */,
			);
			path = Common;
			sourceTree = "<group>";
		};
		31961109270205E30030901E /* Model */ = {
			isa = PBXGroup;
			children = (
				8CEF83EA2712F22800E96E2E /* Story */,
				31AB32D9270249EA00C43EAA /* API */,
				3196110A270206080030901E /* SignUpModel.swift */,
				8CC128B3270301C1000483AB /* TimerModel.swift */,
				A01836D327042CCA00A4F896 /* AppConstants.swift */,

				31A2665E27189A0B005B1A17 /* LeaderboardItem.swift */,

				31D55DE0271768D80068A8AF /* SetupProfileModel.swift */,

			);
			path = Model;
			sourceTree = "<group>";
		};
		3196110E270207700030901E /* Utilities */ = {
			isa = PBXGroup;
			children = (
				3196110F270207770030901E /* Extensions */,
			);
			path = Utilities;
			sourceTree = "<group>";
		};
		3196110F270207770030901E /* Extensions */ = {
			isa = PBXGroup;
			children = (
				319611102702078E0030901E /* Data.swift */,
			);
			path = Extensions;
			sourceTree = "<group>";
		};
		31A2665B2718995A005B1A17 /* Leaderboard */ = {
			isa = PBXGroup;
			children = (
				31A2665C2718996D005B1A17 /* LeaderboardRow.swift */,
			);
			path = Leaderboard;
			sourceTree = "<group>";
		};
		31AB32D9270249EA00C43EAA /* API */ = {
			isa = PBXGroup;
			children = (
				31AB32DA27024A0A00C43EAA /* APIResponse.swift */,
			);
			path = API;
			sourceTree = "<group>";
		};
		31CEED9F2715C37300298399 /* UserProfile */ = {
			isa = PBXGroup;
			children = (
				31CEEDA02715C38900298399 /* DropdownView.swift */,
				31CEEDA82715E62400298399 /* RadioGroupView.swift */,
			);
			path = UserProfile;
			sourceTree = "<group>";
		};
		31D994602701EBB000E506D9 /* API */ = {
			isa = PBXGroup;
			children = (
				8CEEBAF62702523500515E4A /* Auth */,
				31D994612701EBB000E506D9 /* APIClient.swift */,
				31D994622701EBB000E506D9 /* Router.swift */,
			);
			path = API;
			sourceTree = "<group>";
		};
		4E7A5CD32700FB4F0058CAB9 /* Managers */ = {
			isa = PBXGroup;
			children = (
				4E7A5CD42700FB5C0058CAB9 /* Logger.swift */,
				4E7A5CDB2700FBBF0058CAB9 /* KFManager.swift */,
			);
			path = Managers;
			sourceTree = "<group>";
		};
		4E7A5CD72700FB970058CAB9 /* Helpers */ = {
			isa = PBXGroup;
			children = (
				4E7A5CD82700FBA10058CAB9 /* PodHelper.swift */,
			);
			path = Helpers;
			sourceTree = "<group>";
		};
		4EC3E46726E7DCC80049AD99 = {
			isa = PBXGroup;
			children = (
				31DDD20C27176146002315FC /* GoogleService-Info.plist */,
				4EC3E46C26E7DCC90049AD99 /* Shared */,
				4EC3E47626E7DCCA0049AD99 /* iOS */,
				4EC3E47D26E7DCCA0049AD99 /* macOS */,
				4EC3E47526E7DCCA0049AD99 /* Products */,
			);
			sourceTree = "<group>";
		};
		4EC3E46C26E7DCC90049AD99 /* Shared */ = {
			isa = PBXGroup;
			children = (
				314D79BA270C6BBC003C2F8A /* Views */,
				314D79B7270C683B003C2F8A /* App */,
				3196110E270207700030901E /* Utilities */,
				31961109270205E30030901E /* Model */,
				31D994602701EBB000E506D9 /* API */,
				4E7A5CD72700FB970058CAB9 /* Helpers */,
				4E7A5CD32700FB4F0058CAB9 /* Managers */,
				3126674C2700B90D009834E9 /* ViewModels */,
				4EC3E46D26E7DCC90049AD99 /* EnigmaApp.swift */,
				4EC3E46E26E7DCC90049AD99 /* ContentView.swift */,
				4EC3E46F26E7DCCA0049AD99 /* Assets.xcassets */,
			);
			path = Shared;
			sourceTree = "<group>";
		};
		4EC3E47526E7DCCA0049AD99 /* Products */ = {
			isa = PBXGroup;
			children = (
				4EC3E47426E7DCCA0049AD99 /* Enigma.app */,
				4EC3E47C26E7DCCA0049AD99 /* Enigma.app */,
			);
			name = Products;
			sourceTree = "<group>";
		};
		4EC3E47626E7DCCA0049AD99 /* iOS */ = {
			isa = PBXGroup;
			children = (
				4EC3E47726E7DCCA0049AD99 /* Info.plist */,
			);
			path = iOS;
			sourceTree = "<group>";
		};
		4EC3E47D26E7DCCA0049AD99 /* macOS */ = {
			isa = PBXGroup;
			children = (
				4EC3E47E26E7DCCA0049AD99 /* Info.plist */,
				4EC3E47F26E7DCCA0049AD99 /* macOS.entitlements */,
			);
			path = macOS;
			sourceTree = "<group>";
		};
		8CAC2B6B27103ACE008049D3 /* Timer */ = {
			isa = PBXGroup;
			children = (
				8CAC2B6C27103AF5008049D3 /* TimerBlock.swift */,
			);
			path = Timer;
			sourceTree = "<group>";
		};
		8CAC2B6E27103B09008049D3 /* Login */ = {
			isa = PBXGroup;
			children = (
				8CAC2B6F27103B39008049D3 /* TimeView.swift */,
			);
			path = Login;
			sourceTree = "<group>";
		};
		8CEEBAF62702523500515E4A /* Auth */ = {
			isa = PBXGroup;
			children = (
				8CEEBAF72702524D00515E4A /* AppleCoordinator.swift */,
				A01836D127042C3100A4F896 /* GoogleCoordinator.swift */,
			);
			path = Auth;
			sourceTree = "<group>";
		};
		8CEF83E72712F16A00E96E2E /* Story */ = {
			isa = PBXGroup;
			children = (
				8CEF83E82712F17900E96E2E /* StoryBubble.swift */,
			);
			path = Story;
			sourceTree = "<group>";
		};
		8CEF83EA2712F22800E96E2E /* Story */ = {
			isa = PBXGroup;
			children = (
				8CEF83EB2712F23500E96E2E /* StoryModel.swift */,
				31C131F6271D3DA100BD5301 /* RoomModel.swift */,
			);
			path = Story;
			sourceTree = "<group>";
		};
/* End PBXGroup section */

/* Begin PBXNativeTarget section */
		4EC3E47326E7DCCA0049AD99 /* Enigma (iOS) */ = {
			isa = PBXNativeTarget;
			buildConfigurationList = 4EC3E48826E7DCCA0049AD99 /* Build configuration list for PBXNativeTarget "Enigma (iOS)" */;
			buildPhases = (
				4EC3E47026E7DCCA0049AD99 /* Sources */,
				4EC3E47126E7DCCA0049AD99 /* Frameworks */,
				4EC3E47226E7DCCA0049AD99 /* Resources */,
			);
			buildRules = (
			);
			dependencies = (
			);
			name = "Enigma (iOS)";
			packageProductDependencies = (
				8CD8CADE26FADE7A00267EAC /* Kingfisher */,
				8CD8CAE326FADED300267EAC /* Alamofire */,
				8CD8CAE826FADF1200267EAC /* GoogleSignIn */,
				8CD8CAED26FAECB700267EAC /* FirebaseMessaging */,
				312667502700BC3F009834E9 /* SwiftyBeaver */,
			);
			productName = "Enigma (iOS)";
			productReference = 4EC3E47426E7DCCA0049AD99 /* Enigma.app */;
			productType = "com.apple.product-type.application";
		};
		4EC3E47B26E7DCCA0049AD99 /* Enigma (macOS) */ = {
			isa = PBXNativeTarget;
			buildConfigurationList = 4EC3E48B26E7DCCA0049AD99 /* Build configuration list for PBXNativeTarget "Enigma (macOS)" */;
			buildPhases = (
				4EC3E47826E7DCCA0049AD99 /* Sources */,
				4EC3E47926E7DCCA0049AD99 /* Frameworks */,
				4EC3E47A26E7DCCA0049AD99 /* Resources */,
			);
			buildRules = (
			);
			dependencies = (
			);
			name = "Enigma (macOS)";
			productName = "Enigma (macOS)";
			productReference = 4EC3E47C26E7DCCA0049AD99 /* Enigma.app */;
			productType = "com.apple.product-type.application";
		};
/* End PBXNativeTarget section */

/* Begin PBXProject section */
		4EC3E46826E7DCC80049AD99 /* Project object */ = {
			isa = PBXProject;
			attributes = {
				LastSwiftUpdateCheck = 1250;
				LastUpgradeCheck = 1250;
				TargetAttributes = {
					4EC3E47326E7DCCA0049AD99 = {
						CreatedOnToolsVersion = 12.5;
					};
					4EC3E47B26E7DCCA0049AD99 = {
						CreatedOnToolsVersion = 12.5;
					};
				};
			};
			buildConfigurationList = 4EC3E46B26E7DCC80049AD99 /* Build configuration list for PBXProject "Enigma" */;
			compatibilityVersion = "Xcode 9.3";
			developmentRegion = en;
			hasScannedForEncodings = 0;
			knownRegions = (
				en,
				Base,
			);
			mainGroup = 4EC3E46726E7DCC80049AD99;
			packageReferences = (
				8CD8CADD26FADE7A00267EAC /* XCRemoteSwiftPackageReference "Kingfisher" */,
				8CD8CAE226FADED300267EAC /* XCRemoteSwiftPackageReference "Alamofire" */,
				8CD8CAE726FADF1200267EAC /* XCRemoteSwiftPackageReference "GoogleSignIn-iOS" */,
				8CD8CAEC26FAECB700267EAC /* XCRemoteSwiftPackageReference "firebase-ios-sdk" */,
				3126674F2700BC3F009834E9 /* XCRemoteSwiftPackageReference "SwiftyBeaver" */,
			);
			productRefGroup = 4EC3E47526E7DCCA0049AD99 /* Products */;
			projectDirPath = "";
			projectRoot = "";
			targets = (
				4EC3E47326E7DCCA0049AD99 /* Enigma (iOS) */,
				4EC3E47B26E7DCCA0049AD99 /* Enigma (macOS) */,
			);
		};
/* End PBXProject section */

/* Begin PBXResourcesBuildPhase section */
		4EC3E47226E7DCCA0049AD99 /* Resources */ = {
			isa = PBXResourcesBuildPhase;
			buildActionMask = 2147483647;
			files = (
				4EC3E48426E7DCCA0049AD99 /* Assets.xcassets in Resources */,
				31DDD20D27176146002315FC /* GoogleService-Info.plist in Resources */,
			);
			runOnlyForDeploymentPostprocessing = 0;
		};
		4EC3E47A26E7DCCA0049AD99 /* Resources */ = {
			isa = PBXResourcesBuildPhase;
			buildActionMask = 2147483647;
			files = (
				4EC3E48526E7DCCA0049AD99 /* Assets.xcassets in Resources */,
			);
			runOnlyForDeploymentPostprocessing = 0;
		};
/* End PBXResourcesBuildPhase section */

/* Begin PBXSourcesBuildPhase section */
		4EC3E47026E7DCCA0049AD99 /* Sources */ = {
			isa = PBXSourcesBuildPhase;
			buildActionMask = 2147483647;
			files = (
				31DDD20F271764BB002315FC /* CustomTextField.swift in Sources */,
				31D994652701EBB000E506D9 /* Router.swift in Sources */,
				4E7A5CDC2700FBBF0058CAB9 /* KFManager.swift in Sources */,
				31D994632701EBB000E506D9 /* APIClient.swift in Sources */,
				8CEF83E92712F17900E96E2E /* StoryBubble.swift in Sources */,
				31A2665F27189A0B005B1A17 /* LeaderboardItem.swift in Sources */,
				8CC128B82705D619000483AB /* TimerViewModel.swift in Sources */,
				319611112702078E0030901E /* Data.swift in Sources */,
				3196110B270206080030901E /* SignUpModel.swift in Sources */,

				31C131F7271D3DA100BD5301 /* RoomModel.swift in Sources */,

				8C46F761271949A2003132B1 /* EnigmaHeader.swift in Sources */,

				31AB32DB27024A0A00C43EAA /* APIResponse.swift in Sources */,
				8C46F76727198F93003132B1 /* RoomUI.swift in Sources */,
				31DDD20727171EE5002315FC /* ProfileSetupViewModel.swift in Sources */,
				31CEEDA92715E62400298399 /* RadioGroupView.swift in Sources */,
				4EC3E48226E7DCCA0049AD99 /* ContentView.swift in Sources */,
				31A266612718A1C6005B1A17 /* RoomsView.swift in Sources */,
				8CEF83EC2712F23500E96E2E /* StoryModel.swift in Sources */,
				31CEEDA12715C38900298399 /* DropdownView.swift in Sources */,
				4EC3E48026E7DCCA0049AD99 /* EnigmaApp.swift in Sources */,
				8C4FD31C271B36B30053F75A /* GameViewModel.swift in Sources */,
				3126674E2700B91E009834E9 /* AuthViewModel.swift in Sources */,
				8CAC2B6D27103AF5008049D3 /* TimerBlock.swift in Sources */,
				31A2665D2718996D005B1A17 /* LeaderboardRow.swift in Sources */,
				314D79B9270C685A003C2F8A /* LoginView.swift in Sources */,
				4E7A5CD52700FB5C0058CAB9 /* Logger.swift in Sources */,
				8CAC2B7027103B39008049D3 /* TimeView.swift in Sources */,
				8CC128B4270301C1000483AB /* TimerModel.swift in Sources */,
				4E7A5CD92700FBA10058CAB9 /* PodHelper.swift in Sources */,
				A01836D427042CCA00A4F896 /* AppConstants.swift in Sources */,
				8CEEBAF82702524D00515E4A /* AppleCoordinator.swift in Sources */,
				8C46F76527195924003132B1 /* EnigmaAlert.swift in Sources */,
				A01836D227042C3100A4F896 /* GoogleCoordinator.swift in Sources */,
				31D55DE1271768D80068A8AF /* SetupProfileModel.swift in Sources */,
				31CEEDA32715C5A900298399 /* ProfileSetupView.swift in Sources */,
				314D79BF270C6C29003C2F8A /* CustomButton.swift in Sources */,
			);
			runOnlyForDeploymentPostprocessing = 0;
		};
		4EC3E47826E7DCCA0049AD99 /* Sources */ = {
			isa = PBXSourcesBuildPhase;
			buildActionMask = 2147483647;
			files = (
				4EC3E48326E7DCCA0049AD99 /* ContentView.swift in Sources */,
				4E7A5CDA2700FBA10058CAB9 /* PodHelper.swift in Sources */,
				4E7A5CD62700FB5C0058CAB9 /* Logger.swift in Sources */,
				31D994662701EBB000E506D9 /* Router.swift in Sources */,
				4EC3E48126E7DCCA0049AD99 /* EnigmaApp.swift in Sources */,
				4E7A5CDD2700FBBF0058CAB9 /* KFManager.swift in Sources */,
				31D994642701EBB000E506D9 /* APIClient.swift in Sources */,
			);
			runOnlyForDeploymentPostprocessing = 0;
		};
/* End PBXSourcesBuildPhase section */

/* Begin XCBuildConfiguration section */
		4EC3E48626E7DCCA0049AD99 /* Debug */ = {
			isa = XCBuildConfiguration;
			buildSettings = {
				ALWAYS_SEARCH_USER_PATHS = NO;
				CLANG_ANALYZER_NONNULL = YES;
				CLANG_ANALYZER_NUMBER_OBJECT_CONVERSION = YES_AGGRESSIVE;
				CLANG_CXX_LANGUAGE_STANDARD = "gnu++14";
				CLANG_CXX_LIBRARY = "libc++";
				CLANG_ENABLE_MODULES = YES;
				CLANG_ENABLE_OBJC_ARC = YES;
				CLANG_ENABLE_OBJC_WEAK = YES;
				CLANG_WARN_BLOCK_CAPTURE_AUTORELEASING = YES;
				CLANG_WARN_BOOL_CONVERSION = YES;
				CLANG_WARN_COMMA = YES;
				CLANG_WARN_CONSTANT_CONVERSION = YES;
				CLANG_WARN_DEPRECATED_OBJC_IMPLEMENTATIONS = YES;
				CLANG_WARN_DIRECT_OBJC_ISA_USAGE = YES_ERROR;
				CLANG_WARN_DOCUMENTATION_COMMENTS = YES;
				CLANG_WARN_EMPTY_BODY = YES;
				CLANG_WARN_ENUM_CONVERSION = YES;
				CLANG_WARN_INFINITE_RECURSION = YES;
				CLANG_WARN_INT_CONVERSION = YES;
				CLANG_WARN_NON_LITERAL_NULL_CONVERSION = YES;
				CLANG_WARN_OBJC_IMPLICIT_RETAIN_SELF = YES;
				CLANG_WARN_OBJC_LITERAL_CONVERSION = YES;
				CLANG_WARN_OBJC_ROOT_CLASS = YES_ERROR;
				CLANG_WARN_QUOTED_INCLUDE_IN_FRAMEWORK_HEADER = YES;
				CLANG_WARN_RANGE_LOOP_ANALYSIS = YES;
				CLANG_WARN_STRICT_PROTOTYPES = YES;
				CLANG_WARN_SUSPICIOUS_MOVE = YES;
				CLANG_WARN_UNGUARDED_AVAILABILITY = YES_AGGRESSIVE;
				CLANG_WARN_UNREACHABLE_CODE = YES;
				CLANG_WARN__DUPLICATE_METHOD_MATCH = YES;
				COPY_PHASE_STRIP = NO;
				DEBUG_INFORMATION_FORMAT = dwarf;
				ENABLE_STRICT_OBJC_MSGSEND = YES;
				ENABLE_TESTABILITY = YES;
				GCC_C_LANGUAGE_STANDARD = gnu11;
				GCC_DYNAMIC_NO_PIC = NO;
				GCC_NO_COMMON_BLOCKS = YES;
				GCC_OPTIMIZATION_LEVEL = 0;
				GCC_PREPROCESSOR_DEFINITIONS = (
					"DEBUG=1",
					"$(inherited)",
				);
				GCC_WARN_64_TO_32_BIT_CONVERSION = YES;
				GCC_WARN_ABOUT_RETURN_TYPE = YES_ERROR;
				GCC_WARN_UNDECLARED_SELECTOR = YES;
				GCC_WARN_UNINITIALIZED_AUTOS = YES_AGGRESSIVE;
				GCC_WARN_UNUSED_FUNCTION = YES;
				GCC_WARN_UNUSED_VARIABLE = YES;
				MTL_ENABLE_DEBUG_INFO = INCLUDE_SOURCE;
				MTL_FAST_MATH = YES;
				ONLY_ACTIVE_ARCH = YES;
				SWIFT_ACTIVE_COMPILATION_CONDITIONS = DEBUG;
				SWIFT_OPTIMIZATION_LEVEL = "-Onone";
			};
			name = Debug;
		};
		4EC3E48726E7DCCA0049AD99 /* Release */ = {
			isa = XCBuildConfiguration;
			buildSettings = {
				ALWAYS_SEARCH_USER_PATHS = NO;
				CLANG_ANALYZER_NONNULL = YES;
				CLANG_ANALYZER_NUMBER_OBJECT_CONVERSION = YES_AGGRESSIVE;
				CLANG_CXX_LANGUAGE_STANDARD = "gnu++14";
				CLANG_CXX_LIBRARY = "libc++";
				CLANG_ENABLE_MODULES = YES;
				CLANG_ENABLE_OBJC_ARC = YES;
				CLANG_ENABLE_OBJC_WEAK = YES;
				CLANG_WARN_BLOCK_CAPTURE_AUTORELEASING = YES;
				CLANG_WARN_BOOL_CONVERSION = YES;
				CLANG_WARN_COMMA = YES;
				CLANG_WARN_CONSTANT_CONVERSION = YES;
				CLANG_WARN_DEPRECATED_OBJC_IMPLEMENTATIONS = YES;
				CLANG_WARN_DIRECT_OBJC_ISA_USAGE = YES_ERROR;
				CLANG_WARN_DOCUMENTATION_COMMENTS = YES;
				CLANG_WARN_EMPTY_BODY = YES;
				CLANG_WARN_ENUM_CONVERSION = YES;
				CLANG_WARN_INFINITE_RECURSION = YES;
				CLANG_WARN_INT_CONVERSION = YES;
				CLANG_WARN_NON_LITERAL_NULL_CONVERSION = YES;
				CLANG_WARN_OBJC_IMPLICIT_RETAIN_SELF = YES;
				CLANG_WARN_OBJC_LITERAL_CONVERSION = YES;
				CLANG_WARN_OBJC_ROOT_CLASS = YES_ERROR;
				CLANG_WARN_QUOTED_INCLUDE_IN_FRAMEWORK_HEADER = YES;
				CLANG_WARN_RANGE_LOOP_ANALYSIS = YES;
				CLANG_WARN_STRICT_PROTOTYPES = YES;
				CLANG_WARN_SUSPICIOUS_MOVE = YES;
				CLANG_WARN_UNGUARDED_AVAILABILITY = YES_AGGRESSIVE;
				CLANG_WARN_UNREACHABLE_CODE = YES;
				CLANG_WARN__DUPLICATE_METHOD_MATCH = YES;
				COPY_PHASE_STRIP = NO;
				DEBUG_INFORMATION_FORMAT = "dwarf-with-dsym";
				ENABLE_NS_ASSERTIONS = NO;
				ENABLE_STRICT_OBJC_MSGSEND = YES;
				GCC_C_LANGUAGE_STANDARD = gnu11;
				GCC_NO_COMMON_BLOCKS = YES;
				GCC_WARN_64_TO_32_BIT_CONVERSION = YES;
				GCC_WARN_ABOUT_RETURN_TYPE = YES_ERROR;
				GCC_WARN_UNDECLARED_SELECTOR = YES;
				GCC_WARN_UNINITIALIZED_AUTOS = YES_AGGRESSIVE;
				GCC_WARN_UNUSED_FUNCTION = YES;
				GCC_WARN_UNUSED_VARIABLE = YES;
				MTL_ENABLE_DEBUG_INFO = NO;
				MTL_FAST_MATH = YES;
				SWIFT_COMPILATION_MODE = wholemodule;
				SWIFT_OPTIMIZATION_LEVEL = "-O";
			};
			name = Release;
		};
		4EC3E48926E7DCCA0049AD99 /* Debug */ = {
			isa = XCBuildConfiguration;
			buildSettings = {
				ASSETCATALOG_COMPILER_APPICON_NAME = AppIcon;
				ASSETCATALOG_COMPILER_GLOBAL_ACCENT_COLOR_NAME = AccentColor;
				CODE_SIGN_STYLE = Automatic;
				DEVELOPMENT_TEAM = F8CHS6PHQS;
				ENABLE_PREVIEWS = YES;
				INFOPLIST_FILE = iOS/Info.plist;
				IPHONEOS_DEPLOYMENT_TARGET = 14.0;
				LD_RUNPATH_SEARCH_PATHS = (
					"$(inherited)",
					"@executable_path/Frameworks",
				);
				PRODUCT_BUNDLE_IDENTIFIER = ak.Enigma;
				PRODUCT_NAME = Enigma;
				SDKROOT = iphoneos;
				SWIFT_VERSION = 5.0;
				TARGETED_DEVICE_FAMILY = "1,2";
			};
			name = Debug;
		};
		4EC3E48A26E7DCCA0049AD99 /* Release */ = {
			isa = XCBuildConfiguration;
			buildSettings = {
				ASSETCATALOG_COMPILER_APPICON_NAME = AppIcon;
				ASSETCATALOG_COMPILER_GLOBAL_ACCENT_COLOR_NAME = AccentColor;
				CODE_SIGN_STYLE = Automatic;
				DEVELOPMENT_TEAM = F8CHS6PHQS;
				ENABLE_PREVIEWS = YES;
				INFOPLIST_FILE = iOS/Info.plist;
				IPHONEOS_DEPLOYMENT_TARGET = 14.0;
				LD_RUNPATH_SEARCH_PATHS = (
					"$(inherited)",
					"@executable_path/Frameworks",
				);
				PRODUCT_BUNDLE_IDENTIFIER = ak.Enigma;
				PRODUCT_NAME = Enigma;
				SDKROOT = iphoneos;
				SWIFT_VERSION = 5.0;
				TARGETED_DEVICE_FAMILY = "1,2";
				VALIDATE_PRODUCT = YES;
			};
			name = Release;
		};
		4EC3E48C26E7DCCA0049AD99 /* Debug */ = {
			isa = XCBuildConfiguration;
			buildSettings = {
				ASSETCATALOG_COMPILER_APPICON_NAME = AppIcon;
				ASSETCATALOG_COMPILER_GLOBAL_ACCENT_COLOR_NAME = AccentColor;
				CODE_SIGN_ENTITLEMENTS = macOS/macOS.entitlements;
				CODE_SIGN_STYLE = Automatic;
				COMBINE_HIDPI_IMAGES = YES;
				DEVELOPMENT_TEAM = F8CHS6PHQS;
				ENABLE_HARDENED_RUNTIME = YES;
				ENABLE_PREVIEWS = YES;
				INFOPLIST_FILE = macOS/Info.plist;
				LD_RUNPATH_SEARCH_PATHS = (
					"$(inherited)",
					"@executable_path/../Frameworks",
				);
				MACOSX_DEPLOYMENT_TARGET = 11.0;
				PRODUCT_BUNDLE_IDENTIFIER = ak.Enigma;
				PRODUCT_NAME = Enigma;
				SDKROOT = macosx;
				SWIFT_VERSION = 5.0;
			};
			name = Debug;
		};
		4EC3E48D26E7DCCA0049AD99 /* Release */ = {
			isa = XCBuildConfiguration;
			buildSettings = {
				ASSETCATALOG_COMPILER_APPICON_NAME = AppIcon;
				ASSETCATALOG_COMPILER_GLOBAL_ACCENT_COLOR_NAME = AccentColor;
				CODE_SIGN_ENTITLEMENTS = macOS/macOS.entitlements;
				CODE_SIGN_STYLE = Automatic;
				COMBINE_HIDPI_IMAGES = YES;
				DEVELOPMENT_TEAM = F8CHS6PHQS;
				ENABLE_HARDENED_RUNTIME = YES;
				ENABLE_PREVIEWS = YES;
				INFOPLIST_FILE = macOS/Info.plist;
				LD_RUNPATH_SEARCH_PATHS = (
					"$(inherited)",
					"@executable_path/../Frameworks",
				);
				MACOSX_DEPLOYMENT_TARGET = 11.0;
				PRODUCT_BUNDLE_IDENTIFIER = ak.Enigma;
				PRODUCT_NAME = Enigma;
				SDKROOT = macosx;
				SWIFT_VERSION = 5.0;
			};
			name = Release;
		};
/* End XCBuildConfiguration section */

/* Begin XCConfigurationList section */
		4EC3E46B26E7DCC80049AD99 /* Build configuration list for PBXProject "Enigma" */ = {
			isa = XCConfigurationList;
			buildConfigurations = (
				4EC3E48626E7DCCA0049AD99 /* Debug */,
				4EC3E48726E7DCCA0049AD99 /* Release */,
			);
			defaultConfigurationIsVisible = 0;
			defaultConfigurationName = Release;
		};
		4EC3E48826E7DCCA0049AD99 /* Build configuration list for PBXNativeTarget "Enigma (iOS)" */ = {
			isa = XCConfigurationList;
			buildConfigurations = (
				4EC3E48926E7DCCA0049AD99 /* Debug */,
				4EC3E48A26E7DCCA0049AD99 /* Release */,
			);
			defaultConfigurationIsVisible = 0;
			defaultConfigurationName = Release;
		};
		4EC3E48B26E7DCCA0049AD99 /* Build configuration list for PBXNativeTarget "Enigma (macOS)" */ = {
			isa = XCConfigurationList;
			buildConfigurations = (
				4EC3E48C26E7DCCA0049AD99 /* Debug */,
				4EC3E48D26E7DCCA0049AD99 /* Release */,
			);
			defaultConfigurationIsVisible = 0;
			defaultConfigurationName = Release;
		};
/* End XCConfigurationList section */

/* Begin XCRemoteSwiftPackageReference section */
		3126674F2700BC3F009834E9 /* XCRemoteSwiftPackageReference "SwiftyBeaver" */ = {
			isa = XCRemoteSwiftPackageReference;
			repositoryURL = "https://github.com/SwiftyBeaver/SwiftyBeaver";
			requirement = {
				kind = upToNextMajorVersion;
				minimumVersion = 1.9.5;
			};
		};
		8CD8CADD26FADE7A00267EAC /* XCRemoteSwiftPackageReference "Kingfisher" */ = {
			isa = XCRemoteSwiftPackageReference;
			repositoryURL = "https://github.com/onevcat/Kingfisher.git";
			requirement = {
				kind = upToNextMajorVersion;
				minimumVersion = 7.0.0;
			};
		};
		8CD8CAE226FADED300267EAC /* XCRemoteSwiftPackageReference "Alamofire" */ = {
			isa = XCRemoteSwiftPackageReference;
			repositoryURL = "https://github.com/Alamofire/Alamofire.git";
			requirement = {
				kind = upToNextMajorVersion;
				minimumVersion = 5.4.4;
			};
		};
		8CD8CAE726FADF1200267EAC /* XCRemoteSwiftPackageReference "GoogleSignIn-iOS" */ = {
			isa = XCRemoteSwiftPackageReference;
			repositoryURL = "https://github.com/google/GoogleSignIn-iOS";
			requirement = {
				kind = upToNextMajorVersion;
				minimumVersion = 6.0.2;
			};
		};
		8CD8CAEC26FAECB700267EAC /* XCRemoteSwiftPackageReference "firebase-ios-sdk" */ = {
			isa = XCRemoteSwiftPackageReference;
			repositoryURL = "https://github.com/firebase/firebase-ios-sdk.git";
			requirement = {
				kind = upToNextMajorVersion;
				minimumVersion = 8.7.0;
			};
		};
/* End XCRemoteSwiftPackageReference section */

/* Begin XCSwiftPackageProductDependency section */
		312667502700BC3F009834E9 /* SwiftyBeaver */ = {
			isa = XCSwiftPackageProductDependency;
			package = 3126674F2700BC3F009834E9 /* XCRemoteSwiftPackageReference "SwiftyBeaver" */;
			productName = SwiftyBeaver;
		};
		8CD8CADE26FADE7A00267EAC /* Kingfisher */ = {
			isa = XCSwiftPackageProductDependency;
			package = 8CD8CADD26FADE7A00267EAC /* XCRemoteSwiftPackageReference "Kingfisher" */;
			productName = Kingfisher;
		};
		8CD8CAE326FADED300267EAC /* Alamofire */ = {
			isa = XCSwiftPackageProductDependency;
			package = 8CD8CAE226FADED300267EAC /* XCRemoteSwiftPackageReference "Alamofire" */;
			productName = Alamofire;
		};
		8CD8CAE826FADF1200267EAC /* GoogleSignIn */ = {
			isa = XCSwiftPackageProductDependency;
			package = 8CD8CAE726FADF1200267EAC /* XCRemoteSwiftPackageReference "GoogleSignIn-iOS" */;
			productName = GoogleSignIn;
		};
		8CD8CAED26FAECB700267EAC /* FirebaseMessaging */ = {
			isa = XCSwiftPackageProductDependency;
			package = 8CD8CAEC26FAECB700267EAC /* XCRemoteSwiftPackageReference "firebase-ios-sdk" */;
			productName = FirebaseMessaging;
		};
/* End XCSwiftPackageProductDependency section */
	};
	rootObject = 4EC3E46826E7DCC80049AD99 /* Project object */;
}
